
Microsoft Visual Studio Solution File, Format Version 12.00
# Visual Studio Version 17
VisualStudioVersion = 17.10.35027.167
MinimumVisualStudioVersion = 10.0.40219.1
Project("{FAE04EC0-301F-11D3-BF4B-00C04F79EFBC}") = "Winemonk.Wpf", "Winemonk.Wpf\Winemonk.Wpf.csproj", "{FD45859C-4955-4761-815B-3B769362458C}"
EndProject
Project("{FAE04EC0-301F-11D3-BF4B-00C04F79EFBC}") = "Winemonk.Wpf.Sample", "Winemonk.Wpf.Sample\Winemonk.Wpf.Sample.csproj", "{3F2D4C33-366C-42C3-A8B0-1E72793C34DD}"
EndProject
Global
	GlobalSection(SolutionConfigurationPlatforms) = preSolution
		Debug|Any CPU = Debug|Any CPU
		Release|Any CPU = Release|Any CPU
	EndGlobalSection
	GlobalSection(ProjectConfigurationPlatforms) = postSolution
		{FD45859C-4955-4761-815B-3B769362458C}.Debug|Any CPU.ActiveCfg = Debug|Any CPU
		{FD45859C-4955-4761-815B-3B769362458C}.Debug|Any CPU.Build.0 = Debug|Any CPU
		{FD45859C-4955-4761-815B-3B769362458C}.Release|Any CPU.ActiveCfg = Release|Any CPU
		{FD45859C-4955-4761-815B-3B769362458C}.Release|Any CPU.Build.0 = Release|Any CPU
		{3F2D4C33-366C-42C3-A8B0-1E72793C34DD}.Debug|Any CPU.ActiveCfg = Debug|Any CPU
		{3F2D4C33-366C-42C3-A8B0-1E72793C34DD}.Debug|Any CPU.Build.0 = Debug|Any CPU
		{3F2D4C33-366C-42C3-A8B0-1E72793C34DD}.Release|Any CPU.ActiveCfg = Release|Any CPU
		{3F2D4C33-366C-42C3-A8B0-1E72793C34DD}.Release|Any CPU.Build.0 = Release|Any CPU
	EndGlobalSection
	GlobalSection(SolutionProperties) = preSolution
		HideSolutionNode = FALSE
	EndGlobalSection
	GlobalSection(ExtensibilityGlobals) = postSolution
		SolutionGuid = {D73063AB-A4DF-4BA5-91BE-9A37C3366B2A}
	EndGlobalSection
EndGlobal
